
Microsoft Visual Studio Solution File, Format Version 12.00
# Visual Studio 15
Project("{FAE04EC0-301F-11D3-BF4B-00C04F79EFBC}") = "EmailSend", "EmailSend\EmailSend.csproj", "{FC1E904B-8972-4030-8663-F0DC9299F802}"
EndProject
Project("{FAE04EC0-301F-11D3-BF4B-00C04F79EFBC}") = "EmailAddressGenerate", "EmailAddressGenerate\EmailAddressGenerate.csproj", "{13E6E62D-B066-4199-B1A8-B0B21C61F0DD}"
EndProject
Global
	GlobalSection(SolutionConfigurationPlatforms) = preSolution
		Debug|x86 = Debug|x86
		Release|x86 = Release|x86
	EndGlobalSection
	GlobalSection(ProjectConfigurationPlatforms) = postSolution
		{FC1E904B-8972-4030-8663-F0DC9299F802}.Debug|x86.ActiveCfg = Debug|x86
		{FC1E904B-8972-4030-8663-F0DC9299F802}.Debug|x86.Build.0 = Debug|x86
		{FC1E904B-8972-4030-8663-F0DC9299F802}.Release|x86.ActiveCfg = Release|x86
		{FC1E904B-8972-4030-8663-F0DC9299F802}.Release|x86.Build.0 = Release|x86
		{13E6E62D-B066-4199-B1A8-B0B21C61F0DD}.Debug|x86.ActiveCfg = Debug|x86
		{13E6E62D-B066-4199-B1A8-B0B21C61F0DD}.Debug|x86.Build.0 = Debug|x86
		{13E6E62D-B066-4199-B1A8-B0B21C61F0DD}.Release|x86.ActiveCfg = Release|x86
		{13E6E62D-B066-4199-B1A8-B0B21C61F0DD}.Release|x86.Build.0 = Release|x86
	EndGlobalSection
EndGlobal
